// !$*UTF8*$!
{
	archiveVersion = 1;
	classes = {
	};
	objectVersion = 55;
	objects = {

/* Begin PBXBuildFile section */
		C249E7612BE42429006BE1C2 /* AppDelegate.swift in Sources */ = {isa = PBXBuildFile; fileRef = C249E7602BE42429006BE1C2 /* AppDelegate.swift */; };
		C249E7632BE42429006BE1C2 /* SceneDelegate.swift in Sources */ = {isa = PBXBuildFile; fileRef = C249E7622BE42429006BE1C2 /* SceneDelegate.swift */; };
		C249E7652BE42429006BE1C2 /* ViewController.swift in Sources */ = {isa = PBXBuildFile; fileRef = C249E7642BE42429006BE1C2 /* ViewController.swift */; };
		C249E7682BE42429006BE1C2 /* Main.storyboard in Resources */ = {isa = PBXBuildFile; fileRef = C249E7662BE42429006BE1C2 /* Main.storyboard */; };
		C249E76A2BE4242E006BE1C2 /* Assets.xcassets in Resources */ = {isa = PBXBuildFile; fileRef = C249E7692BE4242E006BE1C2 /* Assets.xcassets */; };
		C249E76D2BE4242E006BE1C2 /* LaunchScreen.storyboard in Resources */ = {isa = PBXBuildFile; fileRef = C249E76B2BE4242E006BE1C2 /* LaunchScreen.storyboard */; };
		C249E7752BE430A9006BE1C2 /* TrollInject in Resources */ = {isa = PBXBuildFile; fileRef = C249E7742BE430A9006BE1C2 /* TrollInject */; platformFilter = ios; };
/* End PBXBuildFile section */

/* Begin PBXFileReference section */
		C249E75D2BE42429006BE1C2 /* TrollCrack.app */ = {isa = PBXFileReference; explicitFileType = wrapper.application; includeInIndex = 0; path = TrollCrack.app; sourceTree = BUILT_PRODUCTS_DIR; };
		C249E7602BE42429006BE1C2 /* AppDelegate.swift */ = {isa = PBXFileReference; lastKnownFileType = sourcecode.swift; path = AppDelegate.swift; sourceTree = "<group>"; };
		C249E7622BE42429006BE1C2 /* SceneDelegate.swift */ = {isa = PBXFileReference; lastKnownFileType = sourcecode.swift; path = SceneDelegate.swift; sourceTree = "<group>"; };
		C249E7642BE42429006BE1C2 /* ViewController.swift */ = {isa = PBXFileReference; lastKnownFileType = sourcecode.swift; path = ViewController.swift; sourceTree = "<group>"; };
		C249E7672BE42429006BE1C2 /* Base */ = {isa = PBXFileReference; lastKnownFileType = file.storyboard; name = Base; path = Base.lproj/Main.storyboard; sourceTree = "<group>"; };
		C249E7692BE4242E006BE1C2 /* Assets.xcassets */ = {isa = PBXFileReference; lastKnownFileType = folder.assetcatalog; path = Assets.xcassets; sourceTree = "<group>"; };
		C249E76C2BE4242E006BE1C2 /* Base */ = {isa = PBXFileReference; lastKnownFileType = file.storyboard; name = Base; path = Base.lproj/LaunchScreen.storyboard; sourceTree = "<group>"; };
		C249E76E2BE4242E006BE1C2 /* Info.plist */ = {isa = PBXFileReference; lastKnownFileType = text.plist.xml; path = Info.plist; sourceTree = "<group>"; };
		C249E7742BE430A9006BE1C2 /* TrollInject */ = {isa = PBXFileReference; lastKnownFileType = "compiled.mach-o.executable"; path = TrollInject; sourceTree = "<group>"; };
/* End PBXFileReference section */

/* Begin PBXFrameworksBuildPhase section */
		C249E75A2BE42429006BE1C2 /* Frameworks */ = {
			isa = PBXFrameworksBuildPhase;
			buildActionMask = 2147483647;
			files = (
			);
			runOnlyForDeploymentPostprocessing = 0;
		};
/* End PBXFrameworksBuildPhase section */

/* Begin PBXGroup section */
		C249E7542BE42429006BE1C2 = {
			isa = PBXGroup;
			children = (
				C249E75F2BE42429006BE1C2 /* TrollCrack */,
				C249E75E2BE42429006BE1C2 /* Products */,
			);
			sourceTree = "<group>";
		};
		C249E75E2BE42429006BE1C2 /* Products */ = {
			isa = PBXGroup;
			children = (
				C249E75D2BE42429006BE1C2 /* TrollCrack.app */,
			);
			name = Products;
			sourceTree = "<group>";
		};
		C249E75F2BE42429006BE1C2 /* TrollCrack */ = {
			isa = PBXGroup;
			children = (
				C249E7602BE42429006BE1C2 /* AppDelegate.swift */,
				C249E7622BE42429006BE1C2 /* SceneDelegate.swift */,
				C249E7642BE42429006BE1C2 /* ViewController.swift */,
				C249E7662BE42429006BE1C2 /* Main.storyboard */,
				C249E7692BE4242E006BE1C2 /* Assets.xcassets */,
				C249E76B2BE4242E006BE1C2 /* LaunchScreen.storyboard */,
				C249E76E2BE4242E006BE1C2 /* Info.plist */,
				C249E7742BE430A9006BE1C2 /* TrollInject */,
			);
			path = TrollCrack;
			sourceTree = "<group>";
		};
/* End PBXGroup section */

/* Begin PBXNativeTarget section */
		C249E75C2BE42429006BE1C2 /* TrollCrack */ = {
			isa = PBXNativeTarget;
			buildConfigurationList = C249E7712BE4242E006BE1C2 /* Build configuration list for PBXNativeTarget "TrollCrack" */;
			buildPhases = (
				C249E7592BE42429006BE1C2 /* Sources */,
				C249E75A2BE42429006BE1C2 /* Frameworks */,
				C249E75B2BE42429006BE1C2 /* Resources */,
			);
			buildRules = (
			);
			dependencies = (
			);
			name = TrollCrack;
			productName = TrollCrack;
			productReference = C249E75D2BE42429006BE1C2 /* TrollCrack.app */;
			productType = "com.apple.product-type.application";
		};
/* End PBXNativeTarget section */

/* Begin PBXProject section */
		C249E7552BE42429006BE1C2 /* Project object */ = {
			isa = PBXProject;
			attributes = {
				BuildIndependentTargetsInParallel = 1;
				LastSwiftUpdateCheck = 1320;
				LastUpgradeCheck = 1320;
				TargetAttributes = {
					C249E75C2BE42429006BE1C2 = {
						CreatedOnToolsVersion = 13.2.1;
					};
				};
			};
			buildConfigurationList = C249E7582BE42429006BE1C2 /* Build configuration list for PBXProject "TrollCrack" */;
			compatibilityVersion = "Xcode 13.0";
			developmentRegion = en;
			hasScannedForEncodings = 0;
			knownRegions = (
				en,
				Base,
			);
			mainGroup = C249E7542BE42429006BE1C2;
			productRefGroup = C249E75E2BE42429006BE1C2 /* Products */;
			projectDirPath = "";
			projectRoot = "";
			targets = (
				C249E75C2BE42429006BE1C2 /* TrollCrack */,
			);
		};
/* End PBXProject section */

/* Begin PBXResourcesBuildPhase section */
		C249E75B2BE42429006BE1C2 /* Resources */ = {
			isa = PBXResourcesBuildPhase;
			buildActionMask = 2147483647;
			files = (
				C249E76D2BE4242E006BE1C2 /* LaunchScreen.storyboard in Resources */,
				C249E7752BE430A9006BE1C2 /* TrollInject in Resources */,
				C249E76A2BE4242E006BE1C2 /* Assets.xcassets in Resources */,
				C249E7682BE42429006BE1C2 /* Main.storyboard in Resources */,
			);
			runOnlyForDeploymentPostprocessing = 0;
		};
/* End PBXResourcesBuildPhase section */

/* Begin PBXSourcesBuildPhase section */
		C249E7592BE42429006BE1C2 /* Sources */ = {
			isa = PBXSourcesBuildPhase;
			buildActionMask = 2147483647;
			files = (
				C249E7652BE42429006BE1C2 /* ViewController.swift in Sources */,
				C249E7612BE42429006BE1C2 /* AppDelegate.swift in Sources */,
				C249E7632BE42429006BE1C2 /* SceneDelegate.swift in Sources */,
			);
			runOnlyForDeploymentPostprocessing = 0;
		};
/* End PBXSourcesBuildPhase section */

/* Begin PBXVariantGroup section */
		C249E7662BE42429006BE1C2 /* Main.storyboard */ = {
			isa = PBXVariantGroup;
			children = (
				C249E7672BE42429006BE1C2 /* Base */,
			);
			name = Main.storyboard;
			sourceTree = "<group>";
		};
		C249E76B2BE4242E006BE1C2 /* LaunchScreen.storyboard */ = {
			isa = PBXVariantGroup;
			children = (
				C249E76C2BE4242E006BE1C2 /* Base */,
			);
			name = LaunchScreen.storyboard;
			sourceTree = "<group>";
		};
/* End PBXVariantGroup section */

/* Begin XCBuildConfiguration section */
		C249E76F2BE4242E006BE1C2 /* Debug */ = {
			isa = XCBuildConfiguration;
			buildSettings = {
				ALWAYS_SEARCH_USER_PATHS = NO;
				CLANG_ANALYZER_NONNULL = YES;
				CLANG_ANALYZER_NUMBER_OBJECT_CONVERSION = YES_AGGRESSIVE;
				CLANG_CXX_LANGUAGE_STANDARD = "gnu++17";
				CLANG_CXX_LIBRARY = "libc++";
				CLANG_ENABLE_MODULES = YES;
				CLANG_ENABLE_OBJC_ARC = YES;
				CLANG_ENABLE_OBJC_WEAK = YES;
				CLANG_WARN_BLOCK_CAPTURE_AUTORELEASING = YES;
				CLANG_WARN_BOOL_CONVERSION = YES;
				CLANG_WARN_COMMA = YES;
				CLANG_WARN_CONSTANT_CONVERSION = YES;
				CLANG_WARN_DEPRECATED_OBJC_IMPLEMENTATIONS = YES;
				CLANG_WARN_DIRECT_OBJC_ISA_USAGE = YES_ERROR;
				CLANG_WARN_DOCUMENTATION_COMMENTS = YES;
				CLANG_WARN_EMPTY_BODY = YES;
				CLANG_WARN_ENUM_CONVERSION = YES;
				CLANG_WARN_INFINITE_RECURSION = YES;
				CLANG_WARN_INT_CONVERSION = YES;
				CLANG_WARN_NON_LITERAL_NULL_CONVERSION = YES;
				CLANG_WARN_OBJC_IMPLICIT_RETAIN_SELF = YES;
				CLANG_WARN_OBJC_LITERAL_CONVERSION = YES;
				CLANG_WARN_OBJC_ROOT_CLASS = YES_ERROR;
				CLANG_WARN_QUOTED_INCLUDE_IN_FRAMEWORK_HEADER = YES;
				CLANG_WARN_RANGE_LOOP_ANALYSIS = YES;
				CLANG_WARN_STRICT_PROTOTYPES = YES;
				CLANG_WARN_SUSPICIOUS_MOVE = YES;
				CLANG_WARN_UNGUARDED_AVAILABILITY = YES_AGGRESSIVE;
				CLANG_WARN_UNREACHABLE_CODE = YES;
				CLANG_WARN__DUPLICATE_METHOD_MATCH = YES;
				COPY_PHASE_STRIP = NO;
				DEBUG_INFORMATION_FORMAT = dwarf;
				ENABLE_STRICT_OBJC_MSGSEND = YES;
				ENABLE_TESTABILITY = YES;
				GCC_C_LANGUAGE_STANDARD = gnu11;
				GCC_DYNAMIC_NO_PIC = NO;
				GCC_NO_COMMON_BLOCKS = YES;
				GCC_OPTIMIZATION_LEVEL = 0;
				GCC_PREPROCESSOR_DEFINITIONS = (
					"DEBUG=1",
					"$(inherited)",
				);
				GCC_WARN_64_TO_32_BIT_CONVERSION = YES;
				GCC_WARN_ABOUT_RETURN_TYPE = YES_ERROR;
				GCC_WARN_UNDECLARED_SELECTOR = YES;
				GCC_WARN_UNINITIALIZED_AUTOS = YES_AGGRESSIVE;
				GCC_WARN_UNUSED_FUNCTION = YES;
				GCC_WARN_UNUSED_VARIABLE = YES;
				IPHONEOS_DEPLOYMENT_TARGET = 15.2;
				MTL_ENABLE_DEBUG_INFO = INCLUDE_SOURCE;
				MTL_FAST_MATH = YES;
				ONLY_ACTIVE_ARCH = YES;
				SDKROOT = iphoneos;
				SWIFT_ACTIVE_COMPILATION_CONDITIONS = DEBUG;
				SWIFT_OPTIMIZATION_LEVEL = "-Onone";
			};
			name = Debug;
		};
		C249E7702BE4242E006BE1C2 /* Release */ = {
			isa = XCBuildConfiguration;
			buildSettings = {
				ALWAYS_SEARCH_USER_PATHS = NO;
				CLANG_ANALYZER_NONNULL = YES;
				CLANG_ANALYZER_NUMBER_OBJECT_CONVERSION = YES_AGGRESSIVE;
				CLANG_CXX_LANGUAGE_STANDARD = "gnu++17";
				CLANG_CXX_LIBRARY = "libc++";
				CLANG_ENABLE_MODULES = YES;
				CLANG_ENABLE_OBJC_ARC = YES;
				CLANG_ENABLE_OBJC_WEAK = YES;
				CLANG_WARN_BLOCK_CAPTURE_AUTORELEASING = YES;
				CLANG_WARN_BOOL_CONVERSION = YES;
				CLANG_WARN_COMMA = YES;
				CLANG_WARN_CONSTANT_CONVERSION = YES;
				CLANG_WARN_DEPRECATED_OBJC_IMPLEMENTATIONS = YES;
				CLANG_WARN_DIRECT_OBJC_ISA_USAGE = YES_ERROR;
				CLANG_WARN_DOCUMENTATION_COMMENTS = YES;
				CLANG_WARN_EMPTY_BODY = YES;
				CLANG_WARN_ENUM_CONVERSION = YES;
				CLANG_WARN_INFINITE_RECURSION = YES;
				CLANG_WARN_INT_CONVERSION = YES;
				CLANG_WARN_NON_LITERAL_NULL_CONVERSION = YES;
				CLANG_WARN_OBJC_IMPLICIT_RETAIN_SELF = YES;
				CLANG_WARN_OBJC_LITERAL_CONVERSION = YES;
				CLANG_WARN_OBJC_ROOT_CLASS = YES_ERROR;
				CLANG_WARN_QUOTED_INCLUDE_IN_FRAMEWORK_HEADER = YES;
				CLANG_WARN_RANGE_LOOP_ANALYSIS = YES;
				CLANG_WARN_STRICT_PROTOTYPES = YES;
				CLANG_WARN_SUSPICIOUS_MOVE = YES;
				CLANG_WARN_UNGUARDED_AVAILABILITY = YES_AGGRESSIVE;
				CLANG_WARN_UNREACHABLE_CODE = YES;
				CLANG_WARN__DUPLICATE_METHOD_MATCH = YES;
				COPY_PHASE_STRIP = NO;
				DEBUG_INFORMATION_FORMAT = "dwarf-with-dsym";
				ENABLE_NS_ASSERTIONS = NO;
				ENABLE_STRICT_OBJC_MSGSEND = YES;
				GCC_C_LANGUAGE_STANDARD = gnu11;
				GCC_NO_COMMON_BLOCKS = YES;
				GCC_WARN_64_TO_32_BIT_CONVERSION = YES;
				GCC_WARN_ABOUT_RETURN_TYPE = YES_ERROR;
				GCC_WARN_UNDECLARED_SELECTOR = YES;
				GCC_WARN_UNINITIALIZED_AUTOS = YES_AGGRESSIVE;
				GCC_WARN_UNUSED_FUNCTION = YES;
				GCC_WARN_UNUSED_VARIABLE = YES;
				IPHONEOS_DEPLOYMENT_TARGET = 15.2;
				MTL_ENABLE_DEBUG_INFO = NO;
				MTL_FAST_MATH = YES;
				SDKROOT = iphoneos;
				SWIFT_COMPILATION_MODE = wholemodule;
				SWIFT_OPTIMIZATION_LEVEL = "-O";
				VALIDATE_PRODUCT = YES;
			};
			name = Release;
		};
		C249E7722BE4242E006BE1C2 /* Debug */ = {
			isa = XCBuildConfiguration;
			buildSettings = {
				ASSETCATALOG_COMPILER_APPICON_NAME = AppIcon;
				ASSETCATALOG_COMPILER_GLOBAL_ACCENT_COLOR_NAME = AccentColor;
				CODE_SIGN_STYLE = Automatic;
				CURRENT_PROJECT_VERSION = 1;
				DEVELOPMENT_TEAM = JF5BCSTZ6H;
				GENERATE_INFOPLIST_FILE = YES;
				INFOPLIST_FILE = TrollCrack/Info.plist;
				INFOPLIST_KEY_UIApplicationSupportsIndirectInputEvents = YES;
				INFOPLIST_KEY_UILaunchStoryboardName = LaunchScreen;
				INFOPLIST_KEY_UIMainStoryboardFile = Main;
				INFOPLIST_KEY_UISupportedInterfaceOrientations_iPad = "UIInterfaceOrientationPortrait UIInterfaceOrientationPortraitUpsideDown UIInterfaceOrientationLandscapeLeft UIInterfaceOrientationLandscapeRight";
				INFOPLIST_KEY_UISupportedInterfaceOrientations_iPhone = "UIInterfaceOrientationPortrait UIInterfaceOrientationLandscapeLeft UIInterfaceOrientationLandscapeRight";
				LD_RUNPATH_SEARCH_PATHS = (
					"$(inherited)",
					"@executable_path/Frameworks",
				);
				MARKETING_VERSION = 1.0;
				PRODUCT_BUNDLE_IDENTIFIER = com.brutaltrip.gg.TrollCrack;
				PRODUCT_NAME = "$(TARGET_NAME)";
				SWIFT_EMIT_LOC_STRINGS = YES;
				SWIFT_VERSION = 5.0;
				TARGETED_DEVICE_FAMILY = "1,2";
			};
			name = Debug;
		};
		C249E7732BE4242E006BE1C2 /* Release */ = {
			isa = XCBuildConfiguration;
			buildSettings = {
				ASSETCATALOG_COMPILER_APPICON_NAME = AppIcon;
				ASSETCATALOG_COMPILER_GLOBAL_ACCENT_COLOR_NAME = AccentColor;
				CODE_SIGN_STYLE = Automatic;
				CURRENT_PROJECT_VERSION = 1;
				DEVELOPMENT_TEAM = JF5BCSTZ6H;
				GENERATE_INFOPLIST_FILE = YES;
				INFOPLIST_FILE = TrollCrack/Info.plist;
				INFOPLIST_KEY_UIApplicationSupportsIndirectInputEvents = YES;
				INFOPLIST_KEY_UILaunchStoryboardName = LaunchScreen;
				INFOPLIST_KEY_UIMainStoryboardFile = Main;
				INFOPLIST_KEY_UISupportedInterfaceOrientations_iPad = "UIInterfaceOrientationPortrait UIInterfaceOrientationPortraitUpsideDown UIInterfaceOrientationLandscapeLeft UIInterfaceOrientationLandscapeRight";
				INFOPLIST_KEY_UISupportedInterfaceOrientations_iPhone = "UIInterfaceOrientationPortrait UIInterfaceOrientationLandscapeLeft UIInterfaceOrientationLandscapeRight";
				LD_RUNPATH_SEARCH_PATHS = (
					"$(inherited)",
					"@executable_path/Frameworks",
				);
				MARKETING_VERSION = 1.0;
				PRODUCT_BUNDLE_IDENTIFIER = com.brutaltrip.gg.TrollCrack;
				PRODUCT_NAME = "$(TARGET_NAME)";
				SWIFT_EMIT_LOC_STRINGS = YES;
				SWIFT_VERSION = 5.0;
				TARGETED_DEVICE_FAMILY = "1,2";
			};
			name = Release;
		};
/* End XCBuildConfiguration section */

/* Begin XCConfigurationList section */
		C249E7582BE42429006BE1C2 /* Build configuration list for PBXProject "TrollCrack" */ = {
			isa = XCConfigurationList;
			buildConfigurations = (
				C249E76F2BE4242E006BE1C2 /* Debug */,
				C249E7702BE4242E006BE1C2 /* Release */,
			);
			defaultConfigurationIsVisible = 0;
			defaultConfigurationName = Release;
		};
		C249E7712BE4242E006BE1C2 /* Build configuration list for PBXNativeTarget "TrollCrack" */ = {
			isa = XCConfigurationList;
			buildConfigurations = (
				C249E7722BE4242E006BE1C2 /* Debug */,
				C249E7732BE4242E006BE1C2 /* Release */,
			);
			defaultConfigurationIsVisible = 0;
			defaultConfigurationName = Release;
		};
/* End XCConfigurationList section */
	};
	rootObject = C249E7552BE42429006BE1C2 /* Project object */;
}
